
Microsoft Visual Studio Solution File, Format Version 12.00
# Visual Studio Version 17
VisualStudioVersion = 17.10.34928.147
MinimumVisualStudioVersion = 10.0.40219.1
Project("{FAE04EC0-301F-11D3-BF4B-00C04F79EFBC}") = "CarRentCM", "CarRentCM\CarRentCM.csproj", "{7B11F95A-15A1-4845-B992-451AE6E0B61D}"
EndProject
Global
	GlobalSection(SolutionConfigurationPlatforms) = preSolution
		Debug|Any CPU = Debug|Any CPU
		Release|Any CPU = Release|Any CPU
	EndGlobalSection
	GlobalSection(ProjectConfigurationPlatforms) = postSolution
		{7B11F95A-15A1-4845-B992-451AE6E0B61D}.Debug|Any CPU.ActiveCfg = Debug|Any CPU
		{7B11F95A-15A1-4845-B992-451AE6E0B61D}.Debug|Any CPU.Build.0 = Debug|Any CPU
		{7B11F95A-15A1-4845-B992-451AE6E0B61D}.Release|Any CPU.ActiveCfg = Release|Any CPU
		{7B11F95A-15A1-4845-B992-451AE6E0B61D}.Release|Any CPU.Build.0 = Release|Any CPU
	EndGlobalSection
	GlobalSection(SolutionProperties) = preSolution
		HideSolutionNode = FALSE
	EndGlobalSection
	GlobalSection(ExtensibilityGlobals) = postSolution
		SolutionGuid = {5D408350-640D-4FFF-B788-F5F3195A8159}
	EndGlobalSection
EndGlobal
